
Microsoft Visual Studio Solution File, Format Version 12.00
# Visual Studio 14
VisualStudioVersion = 14.0.25420.1
MinimumVisualStudioVersion = 10.0.40219.1
Project("{8BC9CEB8-8B4A-11D0-8D11-00A0C91BC942}") = "0_MultiThreadChat", "0_MultiThreadChat\0_MultiThreadChat.vcxproj", "{5CA8C3B4-7300-4CFC-9792-EFF4741793F0}"
EndProject
Project("{8BC9CEB8-8B4A-11D0-8D11-00A0C91BC942}") = "Chat_Server", "Chat_Server\Chat_Server.vcxproj", "{C6DD8606-DA46-43E6-B649-35848DE4CBED}"
EndProject
Project("{8BC9CEB8-8B4A-11D0-8D11-00A0C91BC942}") = "Chat_Client", "Chat_Client\Chat_Client.vcxproj", "{B63BEED3-DBC4-4902-B502-178DAA387357}"
EndProject
Project("{8BC9CEB8-8B4A-11D0-8D11-00A0C91BC942}") = "Game_Server", "Game_Server\Game_Server.vcxproj", "{51A85D55-DF9C-48A6-A428-E8EA775B8902}"
EndProject
Project("{8BC9CEB8-8B4A-11D0-8D11-00A0C91BC942}") = "Game_Client", "Game_Client\Game_Client.vcxproj", "{99669371-7CA9-459D-A248-6F45625A6FD4}"
EndProject
Project("{8BC9CEB8-8B4A-11D0-8D11-00A0C91BC942}") = "Game_Client_2", "Game_Client_2\Game_Client_2.vcxproj", "{4E378557-DC78-45F3-BE86-64E7A6C4D72F}"
EndProject
Project("{8BC9CEB8-8B4A-11D0-8D11-00A0C91BC942}") = "Game_Server_2", "Game_Server_2\Game_Server_2.vcxproj", "{107F3C47-C286-4202-8DAA-C3BC18B347E1}"
EndProject
Global
	GlobalSection(SolutionConfigurationPlatforms) = preSolution
		Debug|x64 = Debug|x64
		Debug|x86 = Debug|x86
		Release|x64 = Release|x64
		Release|x86 = Release|x86
	EndGlobalSection
	GlobalSection(ProjectConfigurationPlatforms) = postSolution
		{5CA8C3B4-7300-4CFC-9792-EFF4741793F0}.Debug|x64.ActiveCfg = Debug|x64
		{5CA8C3B4-7300-4CFC-9792-EFF4741793F0}.Debug|x64.Build.0 = Debug|x64
		{5CA8C3B4-7300-4CFC-9792-EFF4741793F0}.Debug|x86.ActiveCfg = Debug|Win32
		{5CA8C3B4-7300-4CFC-9792-EFF4741793F0}.Debug|x86.Build.0 = Debug|Win32
		{5CA8C3B4-7300-4CFC-9792-EFF4741793F0}.Release|x64.ActiveCfg = Release|x64
		{5CA8C3B4-7300-4CFC-9792-EFF4741793F0}.Release|x64.Build.0 = Release|x64
		{5CA8C3B4-7300-4CFC-9792-EFF4741793F0}.Release|x86.ActiveCfg = Release|Win32
		{5CA8C3B4-7300-4CFC-9792-EFF4741793F0}.Release|x86.Build.0 = Release|Win32
		{C6DD8606-DA46-43E6-B649-35848DE4CBED}.Debug|x64.ActiveCfg = Debug|x64
		{C6DD8606-DA46-43E6-B649-35848DE4CBED}.Debug|x64.Build.0 = Debug|x64
		{C6DD8606-DA46-43E6-B649-35848DE4CBED}.Debug|x86.ActiveCfg = Debug|Win32
		{C6DD8606-DA46-43E6-B649-35848DE4CBED}.Debug|x86.Build.0 = Debug|Win32
		{C6DD8606-DA46-43E6-B649-35848DE4CBED}.Release|x64.ActiveCfg = Release|x64
		{C6DD8606-DA46-43E6-B649-35848DE4CBED}.Release|x64.Build.0 = Release|x64
		{C6DD8606-DA46-43E6-B649-35848DE4CBED}.Release|x86.ActiveCfg = Release|Win32
		{C6DD8606-DA46-43E6-B649-35848DE4CBED}.Release|x86.Build.0 = Release|Win32
		{B63BEED3-DBC4-4902-B502-178DAA387357}.Debug|x64.ActiveCfg = Debug|x64
		{B63BEED3-DBC4-4902-B502-178DAA387357}.Debug|x64.Build.0 = Debug|x64
		{B63BEED3-DBC4-4902-B502-178DAA387357}.Debug|x86.ActiveCfg = Debug|Win32
		{B63BEED3-DBC4-4902-B502-178DAA387357}.Debug|x86.Build.0 = Debug|Win32
		{B63BEED3-DBC4-4902-B502-178DAA387357}.Release|x64.ActiveCfg = Release|x64
		{B63BEED3-DBC4-4902-B502-178DAA387357}.Release|x64.Build.0 = Release|x64
		{B63BEED3-DBC4-4902-B502-178DAA387357}.Release|x86.ActiveCfg = Release|Win32
		{B63BEED3-DBC4-4902-B502-178DAA387357}.Release|x86.Build.0 = Release|Win32
		{51A85D55-DF9C-48A6-A428-E8EA775B8902}.Debug|x64.ActiveCfg = Debug|x64
		{51A85D55-DF9C-48A6-A428-E8EA775B8902}.Debug|x64.Build.0 = Debug|x64
		{51A85D55-DF9C-48A6-A428-E8EA775B8902}.Debug|x86.ActiveCfg = Debug|Win32
		{51A85D55-DF9C-48A6-A428-E8EA775B8902}.Debug|x86.Build.0 = Debug|Win32
		{51A85D55-DF9C-48A6-A428-E8EA775B8902}.Release|x64.ActiveCfg = Release|x64
		{51A85D55-DF9C-48A6-A428-E8EA775B8902}.Release|x64.Build.0 = Release|x64
		{51A85D55-DF9C-48A6-A428-E8EA775B8902}.Release|x86.ActiveCfg = Release|Win32
		{51A85D55-DF9C-48A6-A428-E8EA775B8902}.Release|x86.Build.0 = Release|Win32
		{99669371-7CA9-459D-A248-6F45625A6FD4}.Debug|x64.ActiveCfg = Debug|x64
		{99669371-7CA9-459D-A248-6F45625A6FD4}.Debug|x64.Build.0 = Debug|x64
		{99669371-7CA9-459D-A248-6F45625A6FD4}.Debug|x86.ActiveCfg = Debug|Win32
		{99669371-7CA9-459D-A248-6F45625A6FD4}.Debug|x86.Build.0 = Debug|Win32
		{99669371-7CA9-459D-A248-6F45625A6FD4}.Release|x64.ActiveCfg = Release|x64
		{99669371-7CA9-459D-A248-6F45625A6FD4}.Release|x64.Build.0 = Release|x64
		{99669371-7CA9-459D-A248-6F45625A6FD4}.Release|x86.ActiveCfg = Release|Win32
		{99669371-7CA9-459D-A248-6F45625A6FD4}.Release|x86.Build.0 = Release|Win32
		{4E378557-DC78-45F3-BE86-64E7A6C4D72F}.Debug|x64.ActiveCfg = Debug|x64
		{4E378557-DC78-45F3-BE86-64E7A6C4D72F}.Debug|x64.Build.0 = Debug|x64
		{4E378557-DC78-45F3-BE86-64E7A6C4D72F}.Debug|x86.ActiveCfg = Debug|Win32
		{4E378557-DC78-45F3-BE86-64E7A6C4D72F}.Debug|x86.Build.0 = Debug|Win32
		{4E378557-DC78-45F3-BE86-64E7A6C4D72F}.Release|x64.ActiveCfg = Release|x64
		{4E378557-DC78-45F3-BE86-64E7A6C4D72F}.Release|x64.Build.0 = Release|x64
		{4E378557-DC78-45F3-BE86-64E7A6C4D72F}.Release|x86.ActiveCfg = Release|Win32
		{4E378557-DC78-45F3-BE86-64E7A6C4D72F}.Release|x86.Build.0 = Release|Win32
		{107F3C47-C286-4202-8DAA-C3BC18B347E1}.Debug|x64.ActiveCfg = Debug|x64
		{107F3C47-C286-4202-8DAA-C3BC18B347E1}.Debug|x64.Build.0 = Debug|x64
		{107F3C47-C286-4202-8DAA-C3BC18B347E1}.Debug|x86.ActiveCfg = Debug|Win32
		{107F3C47-C286-4202-8DAA-C3BC18B347E1}.Debug|x86.Build.0 = Debug|Win32
		{107F3C47-C286-4202-8DAA-C3BC18B347E1}.Release|x64.ActiveCfg = Release|x64
		{107F3C47-C286-4202-8DAA-C3BC18B347E1}.Release|x64.Build.0 = Release|x64
		{107F3C47-C286-4202-8DAA-C3BC18B347E1}.Release|x86.ActiveCfg = Release|Win32
		{107F3C47-C286-4202-8DAA-C3BC18B347E1}.Release|x86.Build.0 = Release|Win32
	EndGlobalSection
	GlobalSection(SolutionProperties) = preSolution
		HideSolutionNode = FALSE
	EndGlobalSection
EndGlobal
